{
  "name": "si-yo-viviera-como-en-parla",
  "lockfileVersion": 3,
  "requires": true,
  "packages": {
    "": {
      "name": "si-yo-viviera-como-en-parla",
      "devDependencies": {
        "@takumi-rs/core": "^2.14.0",
        "@takumi-rs/helpers": "^2.14.0"
      },
      "engines": {
        "node": ">=20"
      }
    },
    "node_modules/@takumi-rs/core": {
      "version": "2.14.0",
      "resolved": "https://registry.npmjs.org/@takumi-rs/core/-/core-2.14.0.tgz",
      "integrity": "sha512-PGgLdS+A1xaxPhJtYy/d+k5GYw9MOcwcLMs2zT4RGNkw28FxN+WWHvR1+nnn34rdyD6sG6K2W+50oQZtQV1h/g==",
      "dev": true,
      "license": "(MIT OR Apache-2.0)",
      "dependencies": {
        "@takumi-rs/helpers": "2.14.0"
      },
      "engines": {
        "node": ">=18"
      },
      "optionalDependencies": {
        "@takumi-rs/core-darwin-arm64": "2.14.0",
        "@takumi-rs/core-darwin-x64": "2.14.0",
        "@takumi-rs/core-linux-arm64-gnu": "2.14.0",
        "@takumi-rs/core-linux-arm64-musl": "2.14.0",
        "@takumi-rs/core-linux-x64-gnu": "2.14.0",
        "@takumi-rs/core-linux-x64-musl": "2.14.0",
        "@takumi-rs/core-win32-arm64-msvc": "2.14.0",
        "@takumi-rs/core-win32-x64-msvc": "2.14.0"
      },
      "peerDependencies": {
        "csstype": "*"
      },
      "peerDependenciesMeta": {
        "csstype": {
          "optional": true
        }
      }
    },
    "node_modules/@takumi-rs/core-darwin-arm64": {
      "version": "2.14.0",
      "resolved": "https://registry.npmjs.org/@takumi-rs/core-darwin-arm64/-/core-darwin-arm64-2.14.0.tgz",
      "integrity": "sha512-To8/1EFFVM40V3FlkQIkOl2Ge/xg6bP8KWlxoeBUEusJvjZ3d3PfmKoVmG9erM3oh7ztzw1u3nUXQqLFTNeJBQ==",
      "cpu": [
        "arm64"
      ],
      "dev": true,
      "license": "(MIT OR Apache-2.0)",
      "optional": true,
      "os": [
        "darwin"
      ],
      "engines": {
        "node": ">=18"
      }
    },
    "node_modules/@takumi-rs/core-darwin-x64": {
      "version": "2.14.0",
      "resolved": "https://registry.npmjs.org/@takumi-rs/core-darwin-x64/-/core-darwin-x64-2.14.0.tgz",
      "integrity": "sha512-PQ5CiWB7gxap2NElJt9xzoqP0Bzm93SnY//x8OpXuiRQmsW8dOdk5M7mPpJOghebxfRuDc3YIcOEEcsQFpmncQ==",
      "cpu": [
        "x64"
      ],
      "dev": true,
      "license": "(MIT OR Apache-2.0)",
      "optional": true,
      "os": [
        "darwin"
      ],
      "engines": {
        "node": ">=18"
      }
    },
    "node_modules/@takumi-rs/core-linux-arm64-gnu": {
      "version": "2.14.0",
      "resolved": "https://registry.npmjs.org/@takumi-rs/core-linux-arm64-gnu/-/core-linux-arm64-gnu-2.14.0.tgz",
      "integrity": "sha512-2YKku0pJd63ojLKRY8UXerN/NCGhcdyc+HRxbFk27B4enMtxjPPKGgT6xVjBvW1J8vxsOo/eRSGMq2nDq5REBQ==",
      "cpu": [
        "arm64"
      ],
      "dev": true,
      "license": "(MIT OR Apache-2.0)",
      "optional": true,
      "os": [
        "linux"
      ],
      "engines": {
        "node": ">=18"
      }
    },
    "node_modules/@takumi-rs/core-linux-arm64-musl": {
      "version": "2.14.0",
      "resolved": "https://registry.npmjs.org/@takumi-rs/core-linux-arm64-musl/-/core-linux-arm64-musl-2.14.0.tgz",
      "integrity": "sha512-0XJyEleC6qzxxDOHhobo3TjMddOEvnI3uwSDNq8EH40SUp+Qw71DTBNXqwtwT/NPDj50f8bD3w/M54a86eK3Ow==",
      "cpu": [
        "arm64"
      ],
      "dev": true,
      "license": "(MIT OR Apache-2.0)",
      "optional": true,
      "os": [
        "linux"
      ],
      "engines": {
        "node": ">=18"
      }
    },
    "node_modules/@takumi-rs/core-linux-x64-gnu": {
      "version": "2.14.0",
      "resolved": "https://registry.npmjs.org/@takumi-rs/core-linux-x64-gnu/-/core-linux-x64-gnu-2.14.0.tgz",
      "integrity": "sha512-fINzz8oeamnFqbg75xgOXMrzljhI8BmCf2SZl31dUr+o1oRWUuQyTBm2RjSl2nKjamHd71IoQRo3ilAUqNkadg==",
      "cpu": [
        "x64"
      ],
      "dev": true,
      "license": "(MIT OR Apache-2.0)",
      "optional": true,
      "os": [
        "linux"
      ],
      "engines": {
        "node": ">=18"
      }
    },
    "node_modules/@takumi-rs/core-linux-x64-musl": {
      "version": "2.14.0",
      "resolved": "https://registry.npmjs.org/@takumi-rs/core-linux-x64-musl/-/core-linux-x64-musl-2.14.0.tgz",
      "integrity": "sha512-aMDWTKRSnShorZHx/rFFfk7ovnK8kffmqprwYppNIG25DaTf90GN3CYsFlgGAIRYv0aJ1CbMGjRjzxu2raorYw==",
      "cpu": [
        "x64"
      ],
      "dev": true,
      "license": "(MIT OR Apache-2.0)",
      "optional": true,
      "os": [
        "linux"
      ],
      "engines": {
        "node": ">=18"
      }
    },
    "node_modules/@takumi-rs/core-win32-arm64-msvc": {
      "version": "2.14.0",
      "resolved": "https://registry.npmjs.org/@takumi-rs/core-win32-arm64-msvc/-/core-win32-arm64-msvc-2.14.0.tgz",
      "integrity": "sha512-apuJ7bT+3tZO6PtZeuuMZ2Qkkxbi+lTniT+iAAX0lGziuTfoguIvDMhbQtQGKUbg7WUE2tqGixOHdUgab7KKCA==",
      "cpu": [
        "arm64"
      ],
      "dev": true,
      "license": "(MIT OR Apache-2.0)",
      "optional": true,
      "os": [
        "win32"
      ],
      "engines": {
        "node": ">=18"
      }
    },
    "node_modules/@takumi-rs/core-win32-x64-msvc": {
      "version": "2.14.0",
      "resolved": "https://registry.npmjs.org/@takumi-rs/core-win32-x64-msvc/-/core-win32-x64-msvc-2.14.0.tgz",
      "integrity": "sha512-s5FK8ntDdvIBPCro3OXQEWsHpMYwRLU3JLPdgZK8eILSKjCg+NenAiGDZdU+HmObuqRQn9Q3PYjMc1qwkBzmeQ==",
      "cpu": [
        "x64"
      ],
      "dev": true,
      "license": "(MIT OR Apache-2.0)",
      "optional": true,
      "os": [
        "win32"
      ],
      "engines": {
        "node": ">=18"
      }
    },
    "node_modules/@takumi-rs/helpers": {
      "version": "2.14.0",
      "resolved": "https://registry.npmjs.org/@takumi-rs/helpers/-/helpers-2.14.0.tgz",
      "integrity": "sha512-jFIpuWfBMAxlULx3tEk2V+FCs1CLOMo2/c7h3I2P+eNzMmxwE9TJ/BtwJVghnLlFW1M88QW/ZOY/E7MqXACWJA==",
      "dev": true,
      "license": "(MIT OR Apache-2.0)",
      "engines": {
        "node": ">=18"
      },
      "peerDependencies": {
        "preact": "^10.0.0",
        "react": "^18.0.0 || ^19.0.0"
      },
      "peerDependenciesMeta": {
        "preact": {
          "optional": true
        },
        "react": {
          "optional": true
        }
      }
    }
  }
}
